
Microsoft Visual Studio Solution File, Format Version 12.00
# Visual Studio Version 16
VisualStudioVersion = 16.0.32228.343
MinimumVisualStudioVersion = 10.0.40219.1
Project("{FAE04EC0-301F-11D3-BF4B-00C04F79EFBC}") = "laba4", "laba4.csproj", "{B34DDD00-1EBC-4974-9F7E-81763B7A3288}"
EndProject
Global
	GlobalSection(SolutionConfigurationPlatforms) = preSolution
		Debug|Any CPU = Debug|Any CPU
		Release|Any CPU = Release|Any CPU
	EndGlobalSection
	GlobalSection(ProjectConfigurationPlatforms) = postSolution
		{B34DDD00-1EBC-4974-9F7E-81763B7A3288}.Debug|Any CPU.ActiveCfg = Debug|Any CPU
		{B34DDD00-1EBC-4974-9F7E-81763B7A3288}.Debug|Any CPU.Build.0 = Debug|Any CPU
		{B34DDD00-1EBC-4974-9F7E-81763B7A3288}.Release|Any CPU.ActiveCfg = Release|Any CPU
		{B34DDD00-1EBC-4974-9F7E-81763B7A3288}.Release|Any CPU.Build.0 = Release|Any CPU
	EndGlobalSection
	GlobalSection(SolutionProperties) = preSolution
		HideSolutionNode = FALSE
	EndGlobalSection
	GlobalSection(ExtensibilityGlobals) = postSolution
		SolutionGuid = {23097FCE-80B1-4AA0-B78B-A2F217752EDD}
	EndGlobalSection
EndGlobal
