
Microsoft Visual Studio Solution File, Format Version 12.00
# Visual Studio Version 16
VisualStudioVersion = 16.0.32428.217
MinimumVisualStudioVersion = 10.0.40219.1
Project("{FAE04EC0-301F-11D3-BF4B-00C04F79EFBC}") = "laba7", "laba7.csproj", "{DE9FAEEB-5491-4B02-9A87-1204D6A301EE}"
EndProject
Global
	GlobalSection(SolutionConfigurationPlatforms) = preSolution
		Debug|Any CPU = Debug|Any CPU
		Release|Any CPU = Release|Any CPU
	EndGlobalSection
	GlobalSection(ProjectConfigurationPlatforms) = postSolution
		{DE9FAEEB-5491-4B02-9A87-1204D6A301EE}.Debug|Any CPU.ActiveCfg = Debug|Any CPU
		{DE9FAEEB-5491-4B02-9A87-1204D6A301EE}.Debug|Any CPU.Build.0 = Debug|Any CPU
		{DE9FAEEB-5491-4B02-9A87-1204D6A301EE}.Release|Any CPU.ActiveCfg = Release|Any CPU
		{DE9FAEEB-5491-4B02-9A87-1204D6A301EE}.Release|Any CPU.Build.0 = Release|Any CPU
	EndGlobalSection
	GlobalSection(SolutionProperties) = preSolution
		HideSolutionNode = FALSE
	EndGlobalSection
	GlobalSection(ExtensibilityGlobals) = postSolution
		SolutionGuid = {F2055ED3-B78D-4B9B-8F13-A3EFDD017553}
	EndGlobalSection
EndGlobal
