
Microsoft Visual Studio Solution File, Format Version 12.00
# Visual Studio Version 16
VisualStudioVersion = 16.0.32228.343
MinimumVisualStudioVersion = 10.0.40219.1
Project("{FAE04EC0-301F-11D3-BF4B-00C04F79EFBC}") = "laba3", "laba3.csproj", "{B1AF05A1-B9AD-4D4F-8787-49001F6580EF}"
EndProject
Global
	GlobalSection(SolutionConfigurationPlatforms) = preSolution
		Debug|Any CPU = Debug|Any CPU
		Release|Any CPU = Release|Any CPU
	EndGlobalSection
	GlobalSection(ProjectConfigurationPlatforms) = postSolution
		{B1AF05A1-B9AD-4D4F-8787-49001F6580EF}.Debug|Any CPU.ActiveCfg = Debug|Any CPU
		{B1AF05A1-B9AD-4D4F-8787-49001F6580EF}.Debug|Any CPU.Build.0 = Debug|Any CPU
		{B1AF05A1-B9AD-4D4F-8787-49001F6580EF}.Release|Any CPU.ActiveCfg = Release|Any CPU
		{B1AF05A1-B9AD-4D4F-8787-49001F6580EF}.Release|Any CPU.Build.0 = Release|Any CPU
	EndGlobalSection
	GlobalSection(SolutionProperties) = preSolution
		HideSolutionNode = FALSE
	EndGlobalSection
	GlobalSection(ExtensibilityGlobals) = postSolution
		SolutionGuid = {0116512D-A70D-42F6-A36E-CCB471A1EB2E}
	EndGlobalSection
EndGlobal
